github.com/gomarkdown/markdown v0.0.0-20250810172220-2e2c11897d1a h1:l7A0loSszR5zHd/qK53ZIHMO8b3bBSmENnQ6eKnUT0A=
github.com/gomarkdown/markdown v0.0.0-20250810172220-2e2c11897d1a/go.mod h1:JDGcbDT52eL4fju3sZ4TeHGsQwhG9nbDV21aMyhwPoA=
github.com/mattn/go-sqlite3 v1.14.33 h1:A5blZ5ulQo2AtayQ9/limgHEkFreKj1Dv226a1K73s0=
github.com/mattn/go-sqlite3 v1.14.33/go.mod h1:Uh1q+B4BYcTPb+yiD3kU8Ct7aC0hY9fxUwlHK0RXw+Y=
github.com/ricochet2200/go-disk-usage/du v0.0.0-20210707232629-ac9918953285 h1:d54EL9l+XteliUfUCGsEwwuk65dmmxX85VXF+9T6+50=
github.com/ricochet2200/go-disk-usage/du v0.0.0-20210707232629-ac9918953285/go.mod h1:fxIDly1xtudczrZeOOlfaUvd2OPb2qZAPuWdU2BsBTk=
golang.org/x/exp v0.0.0-20251219203646-944ab1f22d93 h1:fQsdNF2N+/YewlRZiricy4P1iimyPKZ/xwniHj8Q2a0=
golang.org/x/exp v0.0.0-20251219203646-944ab1f22d93/go.mod h1:EPRbTFwzwjXj9NpYyyrvenVh9Y+GFeEvMNh7Xuz7xgU=
